
Microsoft Visual Studio Solution File, Format Version 12.00
# Visual Studio Version 16
VisualStudioVersion = 16.0.29613.14
MinimumVisualStudioVersion = 10.0.40219.1
Project("{FAE04EC0-301F-11D3-BF4B-00C04F79EFBC}") = "Parking", "Parking\Parking.csproj", "{7742FFB8-0CD3-4B52-884B-A6B5E0A6DE0D}"
EndProject
Global
	GlobalSection(SolutionConfigurationPlatforms) = preSolution
		Debug|Any CPU = Debug|Any CPU
		Release|Any CPU = Release|Any CPU
	EndGlobalSection
	GlobalSection(ProjectConfigurationPlatforms) = postSolution
		{7742FFB8-0CD3-4B52-884B-A6B5E0A6DE0D}.Debug|Any CPU.ActiveCfg = Debug|Any CPU
		{7742FFB8-0CD3-4B52-884B-A6B5E0A6DE0D}.Debug|Any CPU.Build.0 = Debug|Any CPU
		{7742FFB8-0CD3-4B52-884B-A6B5E0A6DE0D}.Release|Any CPU.ActiveCfg = Release|Any CPU
		{7742FFB8-0CD3-4B52-884B-A6B5E0A6DE0D}.Release|Any CPU.Build.0 = Release|Any CPU
	EndGlobalSection
	GlobalSection(SolutionProperties) = preSolution
		HideSolutionNode = FALSE
	EndGlobalSection
	GlobalSection(ExtensibilityGlobals) = postSolution
		SolutionGuid = {C76420D9-ED0D-4A3E-950D-1C5FB6498F28}
	EndGlobalSection
EndGlobal
